// !$*UTF8*$!
{
	archiveVersion = 1;
	classes = {
	};
	objectVersion = 55;
	objects = {

/* Begin PBXBuildFile section */
		F40CCEAA2900528F0073CBEA /* VerticalStackView.swift in Sources */ = {isa = PBXBuildFile; fileRef = F40CCEA92900528F0073CBEA /* VerticalStackView.swift */; };
		F40D7EC128FE41120066F5C9 /* SearchResultCell.swift in Sources */ = {isa = PBXBuildFile; fileRef = F40D7EC028FE41120066F5C9 /* SearchResultCell.swift */; };
		F418FEB92900D1360069D34A /* Service.swift in Sources */ = {isa = PBXBuildFile; fileRef = F418FEB82900D1360069D34A /* Service.swift */; };
		F418FEBC2900DB9B0069D34A /* SDWebImage in Frameworks */ = {isa = PBXBuildFile; productRef = F418FEBB2900DB9B0069D34A /* SDWebImage */; };
		F430645028FE38CF0044B1D7 /* SearchController.swift in Sources */ = {isa = PBXBuildFile; fileRef = F430644F28FE38CF0044B1D7 /* SearchController.swift */; };
		F43D0BC929036D4900D1A385 /* AppRowCell.swift in Sources */ = {isa = PBXBuildFile; fileRef = F43D0BC829036D4800D1A385 /* AppRowCell.swift */; };
		F43D0BCB29036E7900D1A385 /* Extensions.swift in Sources */ = {isa = PBXBuildFile; fileRef = F43D0BCA29036E7900D1A385 /* Extensions.swift */; };
		F43F33822904C45300920B29 /* AppsPageHeader.swift in Sources */ = {isa = PBXBuildFile; fileRef = F43F33812904C45300920B29 /* AppsPageHeader.swift */; };
		F43F33842904C86800920B29 /* AppsHeaderHorizontalController.swift in Sources */ = {isa = PBXBuildFile; fileRef = F43F33832904C86800920B29 /* AppsHeaderHorizontalController.swift */; };
		F43F33862904CB5D00920B29 /* AppsHeaderCell.swift in Sources */ = {isa = PBXBuildFile; fileRef = F43F33852904CB5D00920B29 /* AppsHeaderCell.swift */; };
		F4982B2128FEA193004BA61F /* UIView+Layout.swift in Sources */ = {isa = PBXBuildFile; fileRef = F4982B2028FEA193004BA61F /* UIView+Layout.swift */; };
		F4A0E3362908B9D3001314BC /* SocialApp.swift in Sources */ = {isa = PBXBuildFile; fileRef = F4A0E3352908B9D3001314BC /* SocialApp.swift */; };
		F4A0E338290B5A3F001314BC /* HorizontalSnappingController.swift in Sources */ = {isa = PBXBuildFile; fileRef = F4A0E337290B5A3F001314BC /* HorizontalSnappingController.swift */; };
		F4A0E33A290B629B001314BC /* BetterSnappingLayout.swift in Sources */ = {isa = PBXBuildFile; fileRef = F4A0E339290B629B001314BC /* BetterSnappingLayout.swift */; };
		F4A92730290063D50041DD70 /* SearchResult.swift in Sources */ = {isa = PBXBuildFile; fileRef = F4A9272F290063D50041DD70 /* SearchResult.swift */; };
		F4AAE1AF290226A400262921 /* AppsGroupCell.swift in Sources */ = {isa = PBXBuildFile; fileRef = F4AAE1AE290226A400262921 /* AppsGroupCell.swift */; };
		F4B4ECDF29061E930094A6AD /* AppGroup.swift in Sources */ = {isa = PBXBuildFile; fileRef = F4B4ECDE29061E930094A6AD /* AppGroup.swift */; };
		F4C6868429021CBF00E6D5E9 /* AppsPageController.swift in Sources */ = {isa = PBXBuildFile; fileRef = F4C6868329021CBF00E6D5E9 /* AppsPageController.swift */; };
		F4C6868629021E5D00E6D5E9 /* BaseListController.swift in Sources */ = {isa = PBXBuildFile; fileRef = F4C6868529021E5D00E6D5E9 /* BaseListController.swift */; };
		F4DE9BB22902FC0400115E3C /* AppsHorizontalController.swift in Sources */ = {isa = PBXBuildFile; fileRef = F4DE9BB12902FC0400115E3C /* AppsHorizontalController.swift */; };
		F4E40E1228FCD79E00D294BA /* AppDelegate.swift in Sources */ = {isa = PBXBuildFile; fileRef = F4E40E1128FCD79E00D294BA /* AppDelegate.swift */; };
		F4E40E1428FCD79E00D294BA /* SceneDelegate.swift in Sources */ = {isa = PBXBuildFile; fileRef = F4E40E1328FCD79E00D294BA /* SceneDelegate.swift */; };
		F4E40E1628FCD79E00D294BA /* ViewController.swift in Sources */ = {isa = PBXBuildFile; fileRef = F4E40E1528FCD79E00D294BA /* ViewController.swift */; };
		F4E40E1B28FCD7A700D294BA /* Assets.xcassets in Resources */ = {isa = PBXBuildFile; fileRef = F4E40E1A28FCD7A700D294BA /* Assets.xcassets */; };
		F4E40E1E28FCD7A700D294BA /* LaunchScreen.storyboard in Resources */ = {isa = PBXBuildFile; fileRef = F4E40E1C28FCD7A700D294BA /* LaunchScreen.storyboard */; };
		F4E40E2628FCD90100D294BA /* MainTabBarContoller.swift in Sources */ = {isa = PBXBuildFile; fileRef = F4E40E2528FCD90000D294BA /* MainTabBarContoller.swift */; };
/* End PBXBuildFile section */

/* Begin PBXFileReference section */
		F40CCEA92900528F0073CBEA /* VerticalStackView.swift */ = {isa = PBXFileReference; fileEncoding = 4; lastKnownFileType = sourcecode.swift; path = VerticalStackView.swift; sourceTree = "<group>"; };
		F40D7EC028FE41120066F5C9 /* SearchResultCell.swift */ = {isa = PBXFileReference; lastKnownFileType = sourcecode.swift; path = SearchResultCell.swift; sourceTree = "<group>"; };
		F418FEB82900D1360069D34A /* Service.swift */ = {isa = PBXFileReference; lastKnownFileType = sourcecode.swift; path = Service.swift; sourceTree = "<group>"; };
		F430644F28FE38CF0044B1D7 /* SearchController.swift */ = {isa = PBXFileReference; lastKnownFileType = sourcecode.swift; path = SearchController.swift; sourceTree = "<group>"; };
		F43D0BC829036D4800D1A385 /* AppRowCell.swift */ = {isa = PBXFileReference; lastKnownFileType = sourcecode.swift; path = AppRowCell.swift; sourceTree = "<group>"; };
		F43D0BCA29036E7900D1A385 /* Extensions.swift */ = {isa = PBXFileReference; lastKnownFileType = sourcecode.swift; path = Extensions.swift; sourceTree = "<group>"; };
		F43F33812904C45300920B29 /* AppsPageHeader.swift */ = {isa = PBXFileReference; lastKnownFileType = sourcecode.swift; path = AppsPageHeader.swift; sourceTree = "<group>"; };
		F43F33832904C86800920B29 /* AppsHeaderHorizontalController.swift */ = {isa = PBXFileReference; lastKnownFileType = sourcecode.swift; path = AppsHeaderHorizontalController.swift; sourceTree = "<group>"; };
		F43F33852904CB5D00920B29 /* AppsHeaderCell.swift */ = {isa = PBXFileReference; lastKnownFileType = sourcecode.swift; path = AppsHeaderCell.swift; sourceTree = "<group>"; };
		F4982B2028FEA193004BA61F /* UIView+Layout.swift */ = {isa = PBXFileReference; fileEncoding = 4; lastKnownFileType = sourcecode.swift; path = "UIView+Layout.swift"; sourceTree = "<group>"; };
		F4A0E3352908B9D3001314BC /* SocialApp.swift */ = {isa = PBXFileReference; lastKnownFileType = sourcecode.swift; path = SocialApp.swift; sourceTree = "<group>"; };
		F4A0E337290B5A3F001314BC /* HorizontalSnappingController.swift */ = {isa = PBXFileReference; lastKnownFileType = sourcecode.swift; path = HorizontalSnappingController.swift; sourceTree = "<group>"; };
		F4A0E339290B629B001314BC /* BetterSnappingLayout.swift */ = {isa = PBXFileReference; lastKnownFileType = sourcecode.swift; path = BetterSnappingLayout.swift; sourceTree = "<group>"; };
		F4A9272F290063D50041DD70 /* SearchResult.swift */ = {isa = PBXFileReference; lastKnownFileType = sourcecode.swift; path = SearchResult.swift; sourceTree = "<group>"; };
		F4AAE1AE290226A400262921 /* AppsGroupCell.swift */ = {isa = PBXFileReference; lastKnownFileType = sourcecode.swift; path = AppsGroupCell.swift; sourceTree = "<group>"; };
		F4B4ECDE29061E930094A6AD /* AppGroup.swift */ = {isa = PBXFileReference; lastKnownFileType = sourcecode.swift; path = AppGroup.swift; sourceTree = "<group>"; };
		F4C6868329021CBF00E6D5E9 /* AppsPageController.swift */ = {isa = PBXFileReference; lastKnownFileType = sourcecode.swift; path = AppsPageController.swift; sourceTree = "<group>"; };
		F4C6868529021E5D00E6D5E9 /* BaseListController.swift */ = {isa = PBXFileReference; lastKnownFileType = sourcecode.swift; path = BaseListController.swift; sourceTree = "<group>"; };
		F4DE9BB12902FC0400115E3C /* AppsHorizontalController.swift */ = {isa = PBXFileReference; lastKnownFileType = sourcecode.swift; path = AppsHorizontalController.swift; sourceTree = "<group>"; };
		F4E40E0E28FCD79E00D294BA /* AppStore.app */ = {isa = PBXFileReference; explicitFileType = wrapper.application; includeInIndex = 0; path = AppStore.app; sourceTree = BUILT_PRODUCTS_DIR; };
		F4E40E1128FCD79E00D294BA /* AppDelegate.swift */ = {isa = PBXFileReference; lastKnownFileType = sourcecode.swift; path = AppDelegate.swift; sourceTree = "<group>"; };
		F4E40E1328FCD79E00D294BA /* SceneDelegate.swift */ = {isa = PBXFileReference; lastKnownFileType = sourcecode.swift; path = SceneDelegate.swift; sourceTree = "<group>"; };
		F4E40E1528FCD79E00D294BA /* ViewController.swift */ = {isa = PBXFileReference; lastKnownFileType = sourcecode.swift; path = ViewController.swift; sourceTree = "<group>"; };
		F4E40E1A28FCD7A700D294BA /* Assets.xcassets */ = {isa = PBXFileReference; lastKnownFileType = folder.assetcatalog; path = Assets.xcassets; sourceTree = "<group>"; };
		F4E40E1D28FCD7A700D294BA /* Base */ = {isa = PBXFileReference; lastKnownFileType = file.storyboard; name = Base; path = Base.lproj/LaunchScreen.storyboard; sourceTree = "<group>"; };
		F4E40E1F28FCD7A700D294BA /* Info.plist */ = {isa = PBXFileReference; lastKnownFileType = text.plist.xml; path = Info.plist; sourceTree = "<group>"; };
		F4E40E2528FCD90000D294BA /* MainTabBarContoller.swift */ = {isa = PBXFileReference; lastKnownFileType = sourcecode.swift; path = MainTabBarContoller.swift; sourceTree = "<group>"; };
/* End PBXFileReference section */

/* Begin PBXFrameworksBuildPhase section */
		F4E40E0B28FCD79E00D294BA /* Frameworks */ = {
			isa = PBXFrameworksBuildPhase;
			buildActionMask = 2147483647;
			files = (
				F418FEBC2900DB9B0069D34A /* SDWebImage in Frameworks */,
			);
			runOnlyForDeploymentPostprocessing = 0;
		};
/* End PBXFrameworksBuildPhase section */

/* Begin PBXGroup section */
		F40D7EBF28FE40E90066F5C9 /* Views */ = {
			isa = PBXGroup;
			children = (
				F4AAE1AD2902268F00262921 /* Apps */,
				F40D7EC028FE41120066F5C9 /* SearchResultCell.swift */,
			);
			path = Views;
			sourceTree = "<group>";
		};
		F418FEB72900D1210069D34A /* Service */ = {
			isa = PBXGroup;
			children = (
				F418FEB82900D1360069D34A /* Service.swift */,
			);
			path = Service;
			sourceTree = "<group>";
		};
		F430644C28FE36F60044B1D7 /* Controllers */ = {
			isa = PBXGroup;
			children = (
				F4A0E337290B5A3F001314BC /* HorizontalSnappingController.swift */,
				F4C6868529021E5D00E6D5E9 /* BaseListController.swift */,
				F4E40E2528FCD90000D294BA /* MainTabBarContoller.swift */,
				F4C6868729021F1900E6D5E9 /* Search */,
				F4C6868229021CA500E6D5E9 /* Apps */,
			);
			path = Controllers;
			sourceTree = "<group>";
		};
		F4982B1F28FEA184004BA61F /* Helper */ = {
			isa = PBXGroup;
			children = (
				F4982B2028FEA193004BA61F /* UIView+Layout.swift */,
				F40CCEA92900528F0073CBEA /* VerticalStackView.swift */,
				F43D0BCA29036E7900D1A385 /* Extensions.swift */,
				F4A0E339290B629B001314BC /* BetterSnappingLayout.swift */,
			);
			path = Helper;
			sourceTree = "<group>";
		};
		F4A9272E290063AD0041DD70 /* Model */ = {
			isa = PBXGroup;
			children = (
				F4A9272F290063D50041DD70 /* SearchResult.swift */,
				F4B4ECDE29061E930094A6AD /* AppGroup.swift */,
				F4A0E3352908B9D3001314BC /* SocialApp.swift */,
			);
			path = Model;
			sourceTree = "<group>";
		};
		F4AAE1AD2902268F00262921 /* Apps */ = {
			isa = PBXGroup;
			children = (
				F4AAE1AE290226A400262921 /* AppsGroupCell.swift */,
				F43D0BC829036D4800D1A385 /* AppRowCell.swift */,
			);
			path = Apps;
			sourceTree = "<group>";
		};
		F4C6868229021CA500E6D5E9 /* Apps */ = {
			isa = PBXGroup;
			children = (
				F4C6868329021CBF00E6D5E9 /* AppsPageController.swift */,
				F43F33812904C45300920B29 /* AppsPageHeader.swift */,
				F43F33832904C86800920B29 /* AppsHeaderHorizontalController.swift */,
				F43F33852904CB5D00920B29 /* AppsHeaderCell.swift */,
				F4DE9BB12902FC0400115E3C /* AppsHorizontalController.swift */,
			);
			path = Apps;
			sourceTree = "<group>";
		};
		F4C6868729021F1900E6D5E9 /* Search */ = {
			isa = PBXGroup;
			children = (
				F430644F28FE38CF0044B1D7 /* SearchController.swift */,
			);
			path = Search;
			sourceTree = "<group>";
		};
		F4E40E0528FCD79E00D294BA = {
			isa = PBXGroup;
			children = (
				F4E40E1028FCD79E00D294BA /* AppStore */,
				F4E40E0F28FCD79E00D294BA /* Products */,
			);
			sourceTree = "<group>";
		};
		F4E40E0F28FCD79E00D294BA /* Products */ = {
			isa = PBXGroup;
			children = (
				F4E40E0E28FCD79E00D294BA /* AppStore.app */,
			);
			name = Products;
			sourceTree = "<group>";
		};
		F4E40E1028FCD79E00D294BA /* AppStore */ = {
			isa = PBXGroup;
			children = (
				F418FEB72900D1210069D34A /* Service */,
				F4A9272E290063AD0041DD70 /* Model */,
				F40D7EBF28FE40E90066F5C9 /* Views */,
				F430644C28FE36F60044B1D7 /* Controllers */,
				F4982B1F28FEA184004BA61F /* Helper */,
				F4E40E1128FCD79E00D294BA /* AppDelegate.swift */,
				F4E40E1328FCD79E00D294BA /* SceneDelegate.swift */,
				F4E40E1528FCD79E00D294BA /* ViewController.swift */,
				F4E40E1A28FCD7A700D294BA /* Assets.xcassets */,
				F4E40E1C28FCD7A700D294BA /* LaunchScreen.storyboard */,
				F4E40E1F28FCD7A700D294BA /* Info.plist */,
			);
			path = AppStore;
			sourceTree = "<group>";
		};
/* End PBXGroup section */

/* Begin PBXNativeTarget section */
		F4E40E0D28FCD79E00D294BA /* AppStore */ = {
			isa = PBXNativeTarget;
			buildConfigurationList = F4E40E2228FCD7A700D294BA /* Build configuration list for PBXNativeTarget "AppStore" */;
			buildPhases = (
				F4E40E0A28FCD79E00D294BA /* Sources */,
				F4E40E0B28FCD79E00D294BA /* Frameworks */,
				F4E40E0C28FCD79E00D294BA /* Resources */,
			);
			buildRules = (
			);
			dependencies = (
			);
			name = AppStore;
			packageProductDependencies = (
				F418FEBB2900DB9B0069D34A /* SDWebImage */,
			);
			productName = AppStore;
			productReference = F4E40E0E28FCD79E00D294BA /* AppStore.app */;
			productType = "com.apple.product-type.application";
		};
/* End PBXNativeTarget section */

/* Begin PBXProject section */
		F4E40E0628FCD79E00D294BA /* Project object */ = {
			isa = PBXProject;
			attributes = {
				BuildIndependentTargetsInParallel = 1;
				LastSwiftUpdateCheck = 1340;
				LastUpgradeCheck = 1340;
				TargetAttributes = {
					F4E40E0D28FCD79E00D294BA = {
						CreatedOnToolsVersion = 13.4.1;
					};
				};
			};
			buildConfigurationList = F4E40E0928FCD79E00D294BA /* Build configuration list for PBXProject "AppStore" */;
			compatibilityVersion = "Xcode 13.0";
			developmentRegion = en;
			hasScannedForEncodings = 0;
			knownRegions = (
				en,
				Base,
			);
			mainGroup = F4E40E0528FCD79E00D294BA;
			packageReferences = (
				F418FEBA2900DB9B0069D34A /* XCRemoteSwiftPackageReference "SDWebImage" */,
			);
			productRefGroup = F4E40E0F28FCD79E00D294BA /* Products */;
			projectDirPath = "";
			projectRoot = "";
			targets = (
				F4E40E0D28FCD79E00D294BA /* AppStore */,
			);
		};
/* End PBXProject section */

/* Begin PBXResourcesBuildPhase section */
		F4E40E0C28FCD79E00D294BA /* Resources */ = {
			isa = PBXResourcesBuildPhase;
			buildActionMask = 2147483647;
			files = (
				F4E40E1E28FCD7A700D294BA /* LaunchScreen.storyboard in Resources */,
				F4E40E1B28FCD7A700D294BA /* Assets.xcassets in Resources */,
			);
			runOnlyForDeploymentPostprocessing = 0;
		};
/* End PBXResourcesBuildPhase section */

/* Begin PBXSourcesBuildPhase section */
		F4E40E0A28FCD79E00D294BA /* Sources */ = {
			isa = PBXSourcesBuildPhase;
			buildActionMask = 2147483647;
			files = (
				F4982B2128FEA193004BA61F /* UIView+Layout.swift in Sources */,
				F4A0E3362908B9D3001314BC /* SocialApp.swift in Sources */,
				F4C6868429021CBF00E6D5E9 /* AppsPageController.swift in Sources */,
				F4A92730290063D50041DD70 /* SearchResult.swift in Sources */,
				F4E40E1628FCD79E00D294BA /* ViewController.swift in Sources */,
				F430645028FE38CF0044B1D7 /* SearchController.swift in Sources */,
				F4E40E1228FCD79E00D294BA /* AppDelegate.swift in Sources */,
				F4AAE1AF290226A400262921 /* AppsGroupCell.swift in Sources */,
				F4E40E1428FCD79E00D294BA /* SceneDelegate.swift in Sources */,
				F4A0E338290B5A3F001314BC /* HorizontalSnappingController.swift in Sources */,
				F4A0E33A290B629B001314BC /* BetterSnappingLayout.swift in Sources */,
				F40CCEAA2900528F0073CBEA /* VerticalStackView.swift in Sources */,
				F418FEB92900D1360069D34A /* Service.swift in Sources */,
				F43F33842904C86800920B29 /* AppsHeaderHorizontalController.swift in Sources */,
				F43F33822904C45300920B29 /* AppsPageHeader.swift in Sources */,
				F40D7EC128FE41120066F5C9 /* SearchResultCell.swift in Sources */,
				F43D0BCB29036E7900D1A385 /* Extensions.swift in Sources */,
				F4C6868629021E5D00E6D5E9 /* BaseListController.swift in Sources */,
				F4B4ECDF29061E930094A6AD /* AppGroup.swift in Sources */,
				F43F33862904CB5D00920B29 /* AppsHeaderCell.swift in Sources */,
				F4E40E2628FCD90100D294BA /* MainTabBarContoller.swift in Sources */,
				F4DE9BB22902FC0400115E3C /* AppsHorizontalController.swift in Sources */,
				F43D0BC929036D4900D1A385 /* AppRowCell.swift in Sources */,
			);
			runOnlyForDeploymentPostprocessing = 0;
		};
/* End PBXSourcesBuildPhase section */

/* Begin PBXVariantGroup section */
		F4E40E1C28FCD7A700D294BA /* LaunchScreen.storyboard */ = {
			isa = PBXVariantGroup;
			children = (
				F4E40E1D28FCD7A700D294BA /* Base */,
			);
			name = LaunchScreen.storyboard;
			sourceTree = "<group>";
		};
/* End PBXVariantGroup section */

/* Begin XCBuildConfiguration section */
		F4E40E2028FCD7A700D294BA /* Debug */ = {
			isa = XCBuildConfiguration;
			buildSettings = {
				ALWAYS_SEARCH_USER_PATHS = NO;
				CLANG_ANALYZER_NONNULL = YES;
				CLANG_ANALYZER_NUMBER_OBJECT_CONVERSION = YES_AGGRESSIVE;
				CLANG_CXX_LANGUAGE_STANDARD = "gnu++17";
				CLANG_ENABLE_MODULES = YES;
				CLANG_ENABLE_OBJC_ARC = YES;
				CLANG_ENABLE_OBJC_WEAK = YES;
				CLANG_WARN_BLOCK_CAPTURE_AUTORELEASING = YES;
				CLANG_WARN_BOOL_CONVERSION = YES;
				CLANG_WARN_COMMA = YES;
				CLANG_WARN_CONSTANT_CONVERSION = YES;
				CLANG_WARN_DEPRECATED_OBJC_IMPLEMENTATIONS = YES;
				CLANG_WARN_DIRECT_OBJC_ISA_USAGE = YES_ERROR;
				CLANG_WARN_DOCUMENTATION_COMMENTS = YES;
				CLANG_WARN_EMPTY_BODY = YES;
				CLANG_WARN_ENUM_CONVERSION = YES;
				CLANG_WARN_INFINITE_RECURSION = YES;
				CLANG_WARN_INT_CONVERSION = YES;
				CLANG_WARN_NON_LITERAL_NULL_CONVERSION = YES;
				CLANG_WARN_OBJC_IMPLICIT_RETAIN_SELF = YES;
				CLANG_WARN_OBJC_LITERAL_CONVERSION = YES;
				CLANG_WARN_OBJC_ROOT_CLASS = YES_ERROR;
				CLANG_WARN_QUOTED_INCLUDE_IN_FRAMEWORK_HEADER = YES;
				CLANG_WARN_RANGE_LOOP_ANALYSIS = YES;
				CLANG_WARN_STRICT_PROTOTYPES = YES;
				CLANG_WARN_SUSPICIOUS_MOVE = YES;
				CLANG_WARN_UNGUARDED_AVAILABILITY = YES_AGGRESSIVE;
				CLANG_WARN_UNREACHABLE_CODE = YES;
				CLANG_WARN__DUPLICATE_METHOD_MATCH = YES;
				COPY_PHASE_STRIP = NO;
				DEBUG_INFORMATION_FORMAT = dwarf;
				ENABLE_STRICT_OBJC_MSGSEND = YES;
				ENABLE_TESTABILITY = YES;
				GCC_C_LANGUAGE_STANDARD = gnu11;
				GCC_DYNAMIC_NO_PIC = NO;
				GCC_NO_COMMON_BLOCKS = YES;
				GCC_OPTIMIZATION_LEVEL = 0;
				GCC_PREPROCESSOR_DEFINITIONS = (
					"DEBUG=1",
					"$(inherited)",
				);
				GCC_WARN_64_TO_32_BIT_CONVERSION = YES;
				GCC_WARN_ABOUT_RETURN_TYPE = YES_ERROR;
				GCC_WARN_UNDECLARED_SELECTOR = YES;
				GCC_WARN_UNINITIALIZED_AUTOS = YES_AGGRESSIVE;
				GCC_WARN_UNUSED_FUNCTION = YES;
				GCC_WARN_UNUSED_VARIABLE = YES;
				IPHONEOS_DEPLOYMENT_TARGET = 15.0;
				MTL_ENABLE_DEBUG_INFO = INCLUDE_SOURCE;
				MTL_FAST_MATH = YES;
				ONLY_ACTIVE_ARCH = YES;
				SDKROOT = iphoneos;
				SWIFT_ACTIVE_COMPILATION_CONDITIONS = DEBUG;
				SWIFT_OPTIMIZATION_LEVEL = "-Onone";
			};
			name = Debug;
		};
		F4E40E2128FCD7A700D294BA /* Release */ = {
			isa = XCBuildConfiguration;
			buildSettings = {
				ALWAYS_SEARCH_USER_PATHS = NO;
				CLANG_ANALYZER_NONNULL = YES;
				CLANG_ANALYZER_NUMBER_OBJECT_CONVERSION = YES_AGGRESSIVE;
				CLANG_CXX_LANGUAGE_STANDARD = "gnu++17";
				CLANG_ENABLE_MODULES = YES;
				CLANG_ENABLE_OBJC_ARC = YES;
				CLANG_ENABLE_OBJC_WEAK = YES;
				CLANG_WARN_BLOCK_CAPTURE_AUTORELEASING = YES;
				CLANG_WARN_BOOL_CONVERSION = YES;
				CLANG_WARN_COMMA = YES;
				CLANG_WARN_CONSTANT_CONVERSION = YES;
				CLANG_WARN_DEPRECATED_OBJC_IMPLEMENTATIONS = YES;
				CLANG_WARN_DIRECT_OBJC_ISA_USAGE = YES_ERROR;
				CLANG_WARN_DOCUMENTATION_COMMENTS = YES;
				CLANG_WARN_EMPTY_BODY = YES;
				CLANG_WARN_ENUM_CONVERSION = YES;
				CLANG_WARN_INFINITE_RECURSION = YES;
				CLANG_WARN_INT_CONVERSION = YES;
				CLANG_WARN_NON_LITERAL_NULL_CONVERSION = YES;
				CLANG_WARN_OBJC_IMPLICIT_RETAIN_SELF = YES;
				CLANG_WARN_OBJC_LITERAL_CONVERSION = YES;
				CLANG_WARN_OBJC_ROOT_CLASS = YES_ERROR;
				CLANG_WARN_QUOTED_INCLUDE_IN_FRAMEWORK_HEADER = YES;
				CLANG_WARN_RANGE_LOOP_ANALYSIS = YES;
				CLANG_WARN_STRICT_PROTOTYPES = YES;
				CLANG_WARN_SUSPICIOUS_MOVE = YES;
				CLANG_WARN_UNGUARDED_AVAILABILITY = YES_AGGRESSIVE;
				CLANG_WARN_UNREACHABLE_CODE = YES;
				CLANG_WARN__DUPLICATE_METHOD_MATCH = YES;
				COPY_PHASE_STRIP = NO;
				DEBUG_INFORMATION_FORMAT = "dwarf-with-dsym";
				ENABLE_NS_ASSERTIONS = NO;
				ENABLE_STRICT_OBJC_MSGSEND = YES;
				GCC_C_LANGUAGE_STANDARD = gnu11;
				GCC_NO_COMMON_BLOCKS = YES;
				GCC_WARN_64_TO_32_BIT_CONVERSION = YES;
				GCC_WARN_ABOUT_RETURN_TYPE = YES_ERROR;
				GCC_WARN_UNDECLARED_SELECTOR = YES;
				GCC_WARN_UNINITIALIZED_AUTOS = YES_AGGRESSIVE;
				GCC_WARN_UNUSED_FUNCTION = YES;
				GCC_WARN_UNUSED_VARIABLE = YES;
				IPHONEOS_DEPLOYMENT_TARGET = 15.0;
				MTL_ENABLE_DEBUG_INFO = NO;
				MTL_FAST_MATH = YES;
				SDKROOT = iphoneos;
				SWIFT_COMPILATION_MODE = wholemodule;
				SWIFT_OPTIMIZATION_LEVEL = "-O";
				VALIDATE_PRODUCT = YES;
			};
			name = Release;
		};
		F4E40E2328FCD7A700D294BA /* Debug */ = {
			isa = XCBuildConfiguration;
			buildSettings = {
				ASSETCATALOG_COMPILER_APPICON_NAME = AppIcon;
				ASSETCATALOG_COMPILER_GLOBAL_ACCENT_COLOR_NAME = AccentColor;
				CODE_SIGN_STYLE = Automatic;
				CURRENT_PROJECT_VERSION = 1;
				GENERATE_INFOPLIST_FILE = YES;
				INFOPLIST_FILE = AppStore/Info.plist;
				INFOPLIST_KEY_UIApplicationSupportsIndirectInputEvents = YES;
				INFOPLIST_KEY_UILaunchStoryboardName = LaunchScreen;
				INFOPLIST_KEY_UIMainStoryboardFile = "";
				INFOPLIST_KEY_UISupportedInterfaceOrientations_iPad = "UIInterfaceOrientationPortrait UIInterfaceOrientationPortraitUpsideDown UIInterfaceOrientationLandscapeLeft UIInterfaceOrientationLandscapeRight";
				INFOPLIST_KEY_UISupportedInterfaceOrientations_iPhone = "UIInterfaceOrientationPortrait UIInterfaceOrientationLandscapeLeft UIInterfaceOrientationLandscapeRight";
				LD_RUNPATH_SEARCH_PATHS = (
					"$(inherited)",
					"@executable_path/Frameworks",
				);
				MARKETING_VERSION = 1.0;
				PRODUCT_BUNDLE_IDENTIFIER = tilek.koszhanov.AppStore;
				PRODUCT_NAME = "$(TARGET_NAME)";
				SWIFT_EMIT_LOC_STRINGS = YES;
				SWIFT_VERSION = 5.0;
				TARGETED_DEVICE_FAMILY = "1,2";
			};
			name = Debug;
		};
		F4E40E2428FCD7A700D294BA /* Release */ = {
			isa = XCBuildConfiguration;
			buildSettings = {
				ASSETCATALOG_COMPILER_APPICON_NAME = AppIcon;
				ASSETCATALOG_COMPILER_GLOBAL_ACCENT_COLOR_NAME = AccentColor;
				CODE_SIGN_STYLE = Automatic;
				CURRENT_PROJECT_VERSION = 1;
				GENERATE_INFOPLIST_FILE = YES;
				INFOPLIST_FILE = AppStore/Info.plist;
				INFOPLIST_KEY_UIApplicationSupportsIndirectInputEvents = YES;
				INFOPLIST_KEY_UILaunchStoryboardName = LaunchScreen;
				INFOPLIST_KEY_UIMainStoryboardFile = "";
				INFOPLIST_KEY_UISupportedInterfaceOrientations_iPad = "UIInterfaceOrientationPortrait UIInterfaceOrientationPortraitUpsideDown UIInterfaceOrientationLandscapeLeft UIInterfaceOrientationLandscapeRight";
				INFOPLIST_KEY_UISupportedInterfaceOrientations_iPhone = "UIInterfaceOrientationPortrait UIInterfaceOrientationLandscapeLeft UIInterfaceOrientationLandscapeRight";
				LD_RUNPATH_SEARCH_PATHS = (
					"$(inherited)",
					"@executable_path/Frameworks",
				);
				MARKETING_VERSION = 1.0;
				PRODUCT_BUNDLE_IDENTIFIER = tilek.koszhanov.AppStore;
				PRODUCT_NAME = "$(TARGET_NAME)";
				SWIFT_EMIT_LOC_STRINGS = YES;
				SWIFT_VERSION = 5.0;
				TARGETED_DEVICE_FAMILY = "1,2";
			};
			name = Release;
		};
/* End XCBuildConfiguration section */

/* Begin XCConfigurationList section */
		F4E40E0928FCD79E00D294BA /* Build configuration list for PBXProject "AppStore" */ = {
			isa = XCConfigurationList;
			buildConfigurations = (
				F4E40E2028FCD7A700D294BA /* Debug */,
				F4E40E2128FCD7A700D294BA /* Release */,
			);
			defaultConfigurationIsVisible = 0;
			defaultConfigurationName = Release;
		};
		F4E40E2228FCD7A700D294BA /* Build configuration list for PBXNativeTarget "AppStore" */ = {
			isa = XCConfigurationList;
			buildConfigurations = (
				F4E40E2328FCD7A700D294BA /* Debug */,
				F4E40E2428FCD7A700D294BA /* Release */,
			);
			defaultConfigurationIsVisible = 0;
			defaultConfigurationName = Release;
		};
/* End XCConfigurationList section */

/* Begin XCRemoteSwiftPackageReference section */
		F418FEBA2900DB9B0069D34A /* XCRemoteSwiftPackageReference "SDWebImage" */ = {
			isa = XCRemoteSwiftPackageReference;
			repositoryURL = "https://github.com/SDWebImage/SDWebImage";
			requirement = {
				kind = upToNextMajorVersion;
				minimumVersion = 5.0.0;
			};
		};
/* End XCRemoteSwiftPackageReference section */

/* Begin XCSwiftPackageProductDependency section */
		F418FEBB2900DB9B0069D34A /* SDWebImage */ = {
			isa = XCSwiftPackageProductDependency;
			package = F418FEBA2900DB9B0069D34A /* XCRemoteSwiftPackageReference "SDWebImage" */;
			productName = SDWebImage;
		};
/* End XCSwiftPackageProductDependency section */
	};
	rootObject = F4E40E0628FCD79E00D294BA /* Project object */;
}
